Microsoft Visual Studio Solution File, Format Version 11.00
# Visual Studio 2010
Project("{FAE04EC0-301F-11D3-BF4B-00C04F79EFBC}") = "DevEpxress.Xpf.Themes.Office2007SilverExtension.v10.2", "CustomTheme\DevEpxress.Xpf.Themes.Office2007SilverExtension.v10.2.csproj", "{3B8E6934-D829-4BF6-91D3-5358B358F84A}"
EndProject
Project("{FAE04EC0-301F-11D3-BF4B-00C04F79EFBC}") = "TestApp", "TestApp\TestApp.csproj", "{96F52A1D-075E-449E-9BA5-5965F7258577}"
EndProject
Global
	GlobalSection(SolutionConfigurationPlatforms) = preSolution
		Debug|Any CPU = Debug|Any CPU
		Release|Any CPU = Release|Any CPU
	EndGlobalSection
	GlobalSection(ProjectConfigurationPlatforms) = postSolution
		{3B8E6934-D829-4BF6-91D3-5358B358F84A}.Debug|Any CPU.ActiveCfg = Debug|Any CPU
		{3B8E6934-D829-4BF6-91D3-5358B358F84A}.Debug|Any CPU.Build.0 = Debug|Any CPU
		{3B8E6934-D829-4BF6-91D3-5358B358F84A}.Release|Any CPU.ActiveCfg = Release|Any CPU
		{3B8E6934-D829-4BF6-91D3-5358B358F84A}.Release|Any CPU.Build.0 = Release|Any CPU
		{96F52A1D-075E-449E-9BA5-5965F7258577}.Debug|Any CPU.ActiveCfg = Debug|Any CPU
		{96F52A1D-075E-449E-9BA5-5965F7258577}.Debug|Any CPU.Build.0 = Debug|Any CPU
		{96F52A1D-075E-449E-9BA5-5965F7258577}.Release|Any CPU.ActiveCfg = Release|Any CPU
		{96F52A1D-075E-449E-9BA5-5965F7258577}.Release|Any CPU.Build.0 = Release|Any CPU
	EndGlobalSection
	GlobalSection(SolutionProperties) = preSolution
		HideSolutionNode = FALSE
	EndGlobalSection
EndGlobal
